// !$*UTF8*$!
{
	archiveVersion = 1;
	classes = {
	};
	objectVersion = 50;
	objects = {

/* Begin PBXBuildFile section */
		03AE2283F07891DF327A937F /* libPods-UICollectionViewDemo.a in Frameworks */ = {isa = PBXBuildFile; fileRef = 8A25F0DF3DE3EC33F364A3BE /* libPods-UICollectionViewDemo.a */; };
		9CD83A5220EA504F00A5F1AD /* AppDelegate.m in Sources */ = {isa = PBXBuildFile; fileRef = 9CD83A5120EA504F00A5F1AD /* AppDelegate.m */; };
		9CD83A5520EA504F00A5F1AD /* ViewController.m in Sources */ = {isa = PBXBuildFile; fileRef = 9CD83A5420EA504F00A5F1AD /* ViewController.m */; };
		9CD83A5820EA504F00A5F1AD /* Main.storyboard in Resources */ = {isa = PBXBuildFile; fileRef = 9CD83A5620EA504F00A5F1AD /* Main.storyboard */; };
		9CD83A5A20EA505100A5F1AD /* Assets.xcassets in Resources */ = {isa = PBXBuildFile; fileRef = 9CD83A5920EA505100A5F1AD /* Assets.xcassets */; };
		9CD83A5D20EA505100A5F1AD /* LaunchScreen.storyboard in Resources */ = {isa = PBXBuildFile; fileRef = 9CD83A5B20EA505100A5F1AD /* LaunchScreen.storyboard */; };
		9CD83A6020EA505100A5F1AD /* main.m in Sources */ = {isa = PBXBuildFile; fileRef = 9CD83A5F20EA505100A5F1AD /* main.m */; };
		9CD83A6820EA538500A5F1AD /* ZYFWaterFlowLayout.m in Sources */ = {isa = PBXBuildFile; fileRef = 9CD83A6720EA538500A5F1AD /* ZYFWaterFlowLayout.m */; };
		9CD83A6C20EA5D4800A5F1AD /* ZYFCollectionViewCell.m in Sources */ = {isa = PBXBuildFile; fileRef = 9CD83A6A20EA5D4800A5F1AD /* ZYFCollectionViewCell.m */; };
		9CD83A6D20EA5D4800A5F1AD /* ZYFCollectionViewCell.xib in Resources */ = {isa = PBXBuildFile; fileRef = 9CD83A6B20EA5D4800A5F1AD /* ZYFCollectionViewCell.xib */; };
		9CD83A6F20EA5D9800A5F1AD /* 1.plist in Resources */ = {isa = PBXBuildFile; fileRef = 9CD83A6E20EA5D9800A5F1AD /* 1.plist */; };
		9CD83A7220EA5EC000A5F1AD /* XRImage.m in Sources */ = {isa = PBXBuildFile; fileRef = 9CD83A7120EA5EC000A5F1AD /* XRImage.m */; };
/* End PBXBuildFile section */

/* Begin PBXFileReference section */
		02247F287B11C2EC635FCE36 /* Pods-UICollectionViewDemo.release.xcconfig */ = {isa = PBXFileReference; includeInIndex = 1; lastKnownFileType = text.xcconfig; name = "Pods-UICollectionViewDemo.release.xcconfig"; path = "Pods/Target Support Files/Pods-UICollectionViewDemo/Pods-UICollectionViewDemo.release.xcconfig"; sourceTree = "<group>"; };
		23BC4346456C42F47AB9E524 /* Pods-UICollectionViewDemo.debug.xcconfig */ = {isa = PBXFileReference; includeInIndex = 1; lastKnownFileType = text.xcconfig; name = "Pods-UICollectionViewDemo.debug.xcconfig"; path = "Pods/Target Support Files/Pods-UICollectionViewDemo/Pods-UICollectionViewDemo.debug.xcconfig"; sourceTree = "<group>"; };
		8A25F0DF3DE3EC33F364A3BE /* libPods-UICollectionViewDemo.a */ = {isa = PBXFileReference; explicitFileType = archive.ar; includeInIndex = 0; path = "libPods-UICollectionViewDemo.a"; sourceTree = BUILT_PRODUCTS_DIR; };
		9CD83A4D20EA504F00A5F1AD /* UICollectionViewDemo.app */ = {isa = PBXFileReference; explicitFileType = wrapper.application; includeInIndex = 0; path = UICollectionViewDemo.app; sourceTree = BUILT_PRODUCTS_DIR; };
		9CD83A5020EA504F00A5F1AD /* AppDelegate.h */ = {isa = PBXFileReference; lastKnownFileType = sourcecode.c.h; path = AppDelegate.h; sourceTree = "<group>"; };
		9CD83A5120EA504F00A5F1AD /* AppDelegate.m */ = {isa = PBXFileReference; lastKnownFileType = sourcecode.c.objc; path = AppDelegate.m; sourceTree = "<group>"; };
		9CD83A5320EA504F00A5F1AD /* ViewController.h */ = {isa = PBXFileReference; lastKnownFileType = sourcecode.c.h; path = ViewController.h; sourceTree = "<group>"; };
		9CD83A5420EA504F00A5F1AD /* ViewController.m */ = {isa = PBXFileReference; lastKnownFileType = sourcecode.c.objc; path = ViewController.m; sourceTree = "<group>"; };
		9CD83A5720EA504F00A5F1AD /* Base */ = {isa = PBXFileReference; lastKnownFileType = file.storyboard; name = Base; path = Base.lproj/Main.storyboard; sourceTree = "<group>"; };
		9CD83A5920EA505100A5F1AD /* Assets.xcassets */ = {isa = PBXFileReference; lastKnownFileType = folder.assetcatalog; path = Assets.xcassets; sourceTree = "<group>"; };
		9CD83A5C20EA505100A5F1AD /* Base */ = {isa = PBXFileReference; lastKnownFileType = file.storyboard; name = Base; path = Base.lproj/LaunchScreen.storyboard; sourceTree = "<group>"; };
		9CD83A5E20EA505100A5F1AD /* Info.plist */ = {isa = PBXFileReference; lastKnownFileType = text.plist.xml; path = Info.plist; sourceTree = "<group>"; };
		9CD83A5F20EA505100A5F1AD /* main.m */ = {isa = PBXFileReference; lastKnownFileType = sourcecode.c.objc; path = main.m; sourceTree = "<group>"; };
		9CD83A6620EA538500A5F1AD /* ZYFWaterFlowLayout.h */ = {isa = PBXFileReference; lastKnownFileType = sourcecode.c.h; path = ZYFWaterFlowLayout.h; sourceTree = "<group>"; };
		9CD83A6720EA538500A5F1AD /* ZYFWaterFlowLayout.m */ = {isa = PBXFileReference; lastKnownFileType = sourcecode.c.objc; path = ZYFWaterFlowLayout.m; sourceTree = "<group>"; };
		9CD83A6920EA5D4800A5F1AD /* ZYFCollectionViewCell.h */ = {isa = PBXFileReference; lastKnownFileType = sourcecode.c.h; path = ZYFCollectionViewCell.h; sourceTree = "<group>"; };
		9CD83A6A20EA5D4800A5F1AD /* ZYFCollectionViewCell.m */ = {isa = PBXFileReference; lastKnownFileType = sourcecode.c.objc; path = ZYFCollectionViewCell.m; sourceTree = "<group>"; };
		9CD83A6B20EA5D4800A5F1AD /* ZYFCollectionViewCell.xib */ = {isa = PBXFileReference; lastKnownFileType = file.xib; path = ZYFCollectionViewCell.xib; sourceTree = "<group>"; };
		9CD83A6E20EA5D9800A5F1AD /* 1.plist */ = {isa = PBXFileReference; fileEncoding = 4; lastKnownFileType = text.plist.xml; path = 1.plist; sourceTree = "<group>"; };
		9CD83A7020EA5EBF00A5F1AD /* XRImage.h */ = {isa = PBXFileReference; fileEncoding = 4; lastKnownFileType = sourcecode.c.h; path = XRImage.h; sourceTree = "<group>"; };
		9CD83A7120EA5EC000A5F1AD /* XRImage.m */ = {isa = PBXFileReference; fileEncoding = 4; lastKnownFileType = sourcecode.c.objc; path = XRImage.m; sourceTree = "<group>"; };
/* End PBXFileReference section */

/* Begin PBXFrameworksBuildPhase section */
		9CD83A4A20EA504F00A5F1AD /* Frameworks */ = {
			isa = PBXFrameworksBuildPhase;
			buildActionMask = 2147483647;
			files = (
				03AE2283F07891DF327A937F /* libPods-UICollectionViewDemo.a in Frameworks */,
			);
			runOnlyForDeploymentPostprocessing = 0;
		};
/* End PBXFrameworksBuildPhase section */

/* Begin PBXGroup section */
		02323F1D7502E530244709FF /* Frameworks */ = {
			isa = PBXGroup;
			children = (
				8A25F0DF3DE3EC33F364A3BE /* libPods-UICollectionViewDemo.a */,
			);
			name = Frameworks;
			sourceTree = "<group>";
		};
		9CD83A4420EA504F00A5F1AD = {
			isa = PBXGroup;
			children = (
				9CD83A4F20EA504F00A5F1AD /* UICollectionViewDemo */,
				9CD83A4E20EA504F00A5F1AD /* Products */,
				B7EA45F4FE1E492B65F9A9B3 /* Pods */,
				02323F1D7502E530244709FF /* Frameworks */,
			);
			sourceTree = "<group>";
		};
		9CD83A4E20EA504F00A5F1AD /* Products */ = {
			isa = PBXGroup;
			children = (
				9CD83A4D20EA504F00A5F1AD /* UICollectionViewDemo.app */,
			);
			name = Products;
			sourceTree = "<group>";
		};
		9CD83A4F20EA504F00A5F1AD /* UICollectionViewDemo */ = {
			isa = PBXGroup;
			children = (
				9CD83A5020EA504F00A5F1AD /* AppDelegate.h */,
				9CD83A5120EA504F00A5F1AD /* AppDelegate.m */,
				9CD83A5320EA504F00A5F1AD /* ViewController.h */,
				9CD83A5420EA504F00A5F1AD /* ViewController.m */,
				9CD83A6620EA538500A5F1AD /* ZYFWaterFlowLayout.h */,
				9CD83A6720EA538500A5F1AD /* ZYFWaterFlowLayout.m */,
				9CD83A7020EA5EBF00A5F1AD /* XRImage.h */,
				9CD83A7120EA5EC000A5F1AD /* XRImage.m */,
				9CD83A6E20EA5D9800A5F1AD /* 1.plist */,
				9CD83A6920EA5D4800A5F1AD /* ZYFCollectionViewCell.h */,
				9CD83A6A20EA5D4800A5F1AD /* ZYFCollectionViewCell.m */,
				9CD83A6B20EA5D4800A5F1AD /* ZYFCollectionViewCell.xib */,
				9CD83A5620EA504F00A5F1AD /* Main.storyboard */,
				9CD83A5920EA505100A5F1AD /* Assets.xcassets */,
				9CD83A5B20EA505100A5F1AD /* LaunchScreen.storyboard */,
				9CD83A5E20EA505100A5F1AD /* Info.plist */,
				9CD83A5F20EA505100A5F1AD /* main.m */,
			);
			path = UICollectionViewDemo;
			sourceTree = "<group>";
		};
		B7EA45F4FE1E492B65F9A9B3 /* Pods */ = {
			isa = PBXGroup;
			children = (
				23BC4346456C42F47AB9E524 /* Pods-UICollectionViewDemo.debug.xcconfig */,
				02247F287B11C2EC635FCE36 /* Pods-UICollectionViewDemo.release.xcconfig */,
			);
			name = Pods;
			sourceTree = "<group>";
		};
/* End PBXGroup section */

/* Begin PBXNativeTarget section */
		9CD83A4C20EA504F00A5F1AD /* UICollectionViewDemo */ = {
			isa = PBXNativeTarget;
			buildConfigurationList = 9CD83A6320EA505100A5F1AD /* Build configuration list for PBXNativeTarget "UICollectionViewDemo" */;
			buildPhases = (
				6C04E1F5A52BF644D1112ACC /* [CP] Check Pods Manifest.lock */,
				9CD83A4920EA504F00A5F1AD /* Sources */,
				9CD83A4A20EA504F00A5F1AD /* Frameworks */,
				9CD83A4B20EA504F00A5F1AD /* Resources */,
			);
			buildRules = (
			);
			dependencies = (
			);
			name = UICollectionViewDemo;
			productName = UICollectionViewDemo;
			productReference = 9CD83A4D20EA504F00A5F1AD /* UICollectionViewDemo.app */;
			productType = "com.apple.product-type.application";
		};
/* End PBXNativeTarget section */

/* Begin PBXProject section */
		9CD83A4520EA504F00A5F1AD /* Project object */ = {
			isa = PBXProject;
			attributes = {
				LastUpgradeCheck = 0940;
				ORGANIZATIONNAME = com.justsee;
				TargetAttributes = {
					9CD83A4C20EA504F00A5F1AD = {
						CreatedOnToolsVersion = 9.4.1;
					};
				};
			};
			buildConfigurationList = 9CD83A4820EA504F00A5F1AD /* Build configuration list for PBXProject "UICollectionViewDemo" */;
			compatibilityVersion = "Xcode 9.3";
			developmentRegion = en;
			hasScannedForEncodings = 0;
			knownRegions = (
				en,
				Base,
			);
			mainGroup = 9CD83A4420EA504F00A5F1AD;
			productRefGroup = 9CD83A4E20EA504F00A5F1AD /* Products */;
			projectDirPath = "";
			projectRoot = "";
			targets = (
				9CD83A4C20EA504F00A5F1AD /* UICollectionViewDemo */,
			);
		};
/* End PBXProject section */

/* Begin PBXResourcesBuildPhase section */
		9CD83A4B20EA504F00A5F1AD /* Resources */ = {
			isa = PBXResourcesBuildPhase;
			buildActionMask = 2147483647;
			files = (
				9CD83A6F20EA5D9800A5F1AD /* 1.plist in Resources */,
				9CD83A5D20EA505100A5F1AD /* LaunchScreen.storyboard in Resources */,
				9CD83A5A20EA505100A5F1AD /* Assets.xcassets in Resources */,
				9CD83A6D20EA5D4800A5F1AD /* ZYFCollectionViewCell.xib in Resources */,
				9CD83A5820EA504F00A5F1AD /* Main.storyboard in Resources */,
			);
			runOnlyForDeploymentPostprocessing = 0;
		};
/* End PBXResourcesBuildPhase section */

/* Begin PBXShellScriptBuildPhase section */
		6C04E1F5A52BF644D1112ACC /* [CP] Check Pods Manifest.lock */ = {
			isa = PBXShellScriptBuildPhase;
			buildActionMask = 2147483647;
			files = (
			);
			inputPaths = (
				"${PODS_PODFILE_DIR_PATH}/Podfile.lock",
				"${PODS_ROOT}/Manifest.lock",
			);
			name = "[CP] Check Pods Manifest.lock";
			outputPaths = (
				"$(DERIVED_FILE_DIR)/Pods-UICollectionViewDemo-checkManifestLockResult.txt",
			);
			runOnlyForDeploymentPostprocessing = 0;
			shellPath = /bin/sh;
			shellScript = "diff \"${PODS_PODFILE_DIR_PATH}/Podfile.lock\" \"${PODS_ROOT}/Manifest.lock\" > /dev/null\nif [ $? != 0 ] ; then\n    # print error to STDERR\n    echo \"error: The sandbox is not in sync with the Podfile.lock. Run 'pod install' or update your CocoaPods installation.\" >&2\n    exit 1\nfi\n# This output is used by Xcode 'outputs' to avoid re-running this script phase.\necho \"SUCCESS\" > \"${SCRIPT_OUTPUT_FILE_0}\"\n";
			showEnvVarsInLog = 0;
		};
/* End PBXShellScriptBuildPhase section */

/* Begin PBXSourcesBuildPhase section */
		9CD83A4920EA504F00A5F1AD /* Sources */ = {
			isa = PBXSourcesBuildPhase;
			buildActionMask = 2147483647;
			files = (
				9CD83A6C20EA5D4800A5F1AD /* ZYFCollectionViewCell.m in Sources */,
				9CD83A7220EA5EC000A5F1AD /* XRImage.m in Sources */,
				9CD83A5520EA504F00A5F1AD /* ViewController.m in Sources */,
				9CD83A6820EA538500A5F1AD /* ZYFWaterFlowLayout.m in Sources */,
				9CD83A6020EA505100A5F1AD /* main.m in Sources */,
				9CD83A5220EA504F00A5F1AD /* AppDelegate.m in Sources */,
			);
			runOnlyForDeploymentPostprocessing = 0;
		};
/* End PBXSourcesBuildPhase section */

/* Begin PBXVariantGroup section */
		9CD83A5620EA504F00A5F1AD /* Main.storyboard */ = {
			isa = PBXVariantGroup;
			children = (
				9CD83A5720EA504F00A5F1AD /* Base */,
			);
			name = Main.storyboard;
			sourceTree = "<group>";
		};
		9CD83A5B20EA505100A5F1AD /* LaunchScreen.storyboard */ = {
			isa = PBXVariantGroup;
			children = (
				9CD83A5C20EA505100A5F1AD /* Base */,
			);
			name = LaunchScreen.storyboard;
			sourceTree = "<group>";
		};
/* End PBXVariantGroup section */

/* Begin XCBuildConfiguration section */
		9CD83A6120EA505100A5F1AD /* Debug */ = {
			isa = XCBuildConfiguration;
			buildSettings = {
				ALWAYS_SEARCH_USER_PATHS = NO;
				CLANG_ANALYZER_NONNULL = YES;
				CLANG_ANALYZER_NUMBER_OBJECT_CONVERSION = YES_AGGRESSIVE;
				CLANG_CXX_LANGUAGE_STANDARD = "gnu++14";
				CLANG_CXX_LIBRARY = "libc++";
				CLANG_ENABLE_MODULES = YES;
				CLANG_ENABLE_OBJC_ARC = YES;
				CLANG_ENABLE_OBJC_WEAK = YES;
				CLANG_WARN_BLOCK_CAPTURE_AUTORELEASING = YES;
				CLANG_WARN_BOOL_CONVERSION = YES;
				CLANG_WARN_COMMA = YES;
				CLANG_WARN_CONSTANT_CONVERSION = YES;
				CLANG_WARN_DEPRECATED_OBJC_IMPLEMENTATIONS = YES;
				CLANG_WARN_DIRECT_OBJC_ISA_USAGE = YES_ERROR;
				CLANG_WARN_DOCUMENTATION_COMMENTS = YES;
				CLANG_WARN_EMPTY_BODY = YES;
				CLANG_WARN_ENUM_CONVERSION = YES;
				CLANG_WARN_INFINITE_RECURSION = YES;
				CLANG_WARN_INT_CONVERSION = YES;
				CLANG_WARN_NON_LITERAL_NULL_CONVERSION = YES;
				CLANG_WARN_OBJC_IMPLICIT_RETAIN_SELF = YES;
				CLANG_WARN_OBJC_LITERAL_CONVERSION = YES;
				CLANG_WARN_OBJC_ROOT_CLASS = YES_ERROR;
				CLANG_WARN_RANGE_LOOP_ANALYSIS = YES;
				CLANG_WARN_STRICT_PROTOTYPES = YES;
				CLANG_WARN_SUSPICIOUS_MOVE = YES;
				CLANG_WARN_UNGUARDED_AVAILABILITY = YES_AGGRESSIVE;
				CLANG_WARN_UNREACHABLE_CODE = YES;
				CLANG_WARN__DUPLICATE_METHOD_MATCH = YES;
				CODE_SIGN_IDENTITY = "iPhone Developer";
				COPY_PHASE_STRIP = NO;
				DEBUG_INFORMATION_FORMAT = dwarf;
				ENABLE_STRICT_OBJC_MSGSEND = YES;
				ENABLE_TESTABILITY = YES;
				GCC_C_LANGUAGE_STANDARD = gnu11;
				GCC_DYNAMIC_NO_PIC = NO;
				GCC_NO_COMMON_BLOCKS = YES;
				GCC_OPTIMIZATION_LEVEL = 0;
				GCC_PREPROCESSOR_DEFINITIONS = (
					"DEBUG=1",
					"$(inherited)",
				);
				GCC_WARN_64_TO_32_BIT_CONVERSION = YES;
				GCC_WARN_ABOUT_RETURN_TYPE = YES_ERROR;
				GCC_WARN_UNDECLARED_SELECTOR = YES;
				GCC_WARN_UNINITIALIZED_AUTOS = YES_AGGRESSIVE;
				GCC_WARN_UNUSED_FUNCTION = YES;
				GCC_WARN_UNUSED_VARIABLE = YES;
				IPHONEOS_DEPLOYMENT_TARGET = 11.4;
				MTL_ENABLE_DEBUG_INFO = YES;
				ONLY_ACTIVE_ARCH = YES;
				SDKROOT = iphoneos;
			};
			name = Debug;
		};
		9CD83A6220EA505100A5F1AD /* Release */ = {
			isa = XCBuildConfiguration;
			buildSettings = {
				ALWAYS_SEARCH_USER_PATHS = NO;
				CLANG_ANALYZER_NONNULL = YES;
				CLANG_ANALYZER_NUMBER_OBJECT_CONVERSION = YES_AGGRESSIVE;
				CLANG_CXX_LANGUAGE_STANDARD = "gnu++14";
				CLANG_CXX_LIBRARY = "libc++";
				CLANG_ENABLE_MODULES = YES;
				CLANG_ENABLE_OBJC_ARC = YES;
				CLANG_ENABLE_OBJC_WEAK = YES;
				CLANG_WARN_BLOCK_CAPTURE_AUTORELEASING = YES;
				CLANG_WARN_BOOL_CONVERSION = YES;
				CLANG_WARN_COMMA = YES;
				CLANG_WARN_CONSTANT_CONVERSION = YES;
				CLANG_WARN_DEPRECATED_OBJC_IMPLEMENTATIONS = YES;
				CLANG_WARN_DIRECT_OBJC_ISA_USAGE = YES_ERROR;
				CLANG_WARN_DOCUMENTATION_COMMENTS = YES;
				CLANG_WARN_EMPTY_BODY = YES;
				CLANG_WARN_ENUM_CONVERSION = YES;
				CLANG_WARN_INFINITE_RECURSION = YES;
				CLANG_WARN_INT_CONVERSION = YES;
				CLANG_WARN_NON_LITERAL_NULL_CONVERSION = YES;
				CLANG_WARN_OBJC_IMPLICIT_RETAIN_SELF = YES;
				CLANG_WARN_OBJC_LITERAL_CONVERSION = YES;
				CLANG_WARN_OBJC_ROOT_CLASS = YES_ERROR;
				CLANG_WARN_RANGE_LOOP_ANALYSIS = YES;
				CLANG_WARN_STRICT_PROTOTYPES = YES;
				CLANG_WARN_SUSPICIOUS_MOVE = YES;
				CLANG_WARN_UNGUARDED_AVAILABILITY = YES_AGGRESSIVE;
				CLANG_WARN_UNREACHABLE_CODE = YES;
				CLANG_WARN__DUPLICATE_METHOD_MATCH = YES;
				CODE_SIGN_IDENTITY = "iPhone Developer";
				COPY_PHASE_STRIP = NO;
				DEBUG_INFORMATION_FORMAT = "dwarf-with-dsym";
				ENABLE_NS_ASSERTIONS = NO;
				ENABLE_STRICT_OBJC_MSGSEND = YES;
				GCC_C_LANGUAGE_STANDARD = gnu11;
				GCC_NO_COMMON_BLOCKS = YES;
				GCC_WARN_64_TO_32_BIT_CONVERSION = YES;
				GCC_WARN_ABOUT_RETURN_TYPE = YES_ERROR;
				GCC_WARN_UNDECLARED_SELECTOR = YES;
				GCC_WARN_UNINITIALIZED_AUTOS = YES_AGGRESSIVE;
				GCC_WARN_UNUSED_FUNCTION = YES;
				GCC_WARN_UNUSED_VARIABLE = YES;
				IPHONEOS_DEPLOYMENT_TARGET = 11.4;
				MTL_ENABLE_DEBUG_INFO = NO;
				SDKROOT = iphoneos;
				VALIDATE_PRODUCT = YES;
			};
			name = Release;
		};
		9CD83A6420EA505100A5F1AD /* Debug */ = {
			isa = XCBuildConfiguration;
			baseConfigurationReference = 23BC4346456C42F47AB9E524 /* Pods-UICollectionViewDemo.debug.xcconfig */;
			buildSettings = {
				ASSETCATALOG_COMPILER_APPICON_NAME = AppIcon;
				CODE_SIGN_STYLE = Automatic;
				INFOPLIST_FILE = UICollectionViewDemo/Info.plist;
				LD_RUNPATH_SEARCH_PATHS = (
					"$(inherited)",
					"@executable_path/Frameworks",
				);
				PRODUCT_BUNDLE_IDENTIFIER = com.justsee.UICollectionViewDemo;
				PRODUCT_NAME = "$(TARGET_NAME)";
				TARGETED_DEVICE_FAMILY = "1,2";
			};
			name = Debug;
		};
		9CD83A6520EA505100A5F1AD /* Release */ = {
			isa = XCBuildConfiguration;
			baseConfigurationReference = 02247F287B11C2EC635FCE36 /* Pods-UICollectionViewDemo.release.xcconfig */;
			buildSettings = {
				ASSETCATALOG_COMPILER_APPICON_NAME = AppIcon;
				CODE_SIGN_STYLE = Automatic;
				INFOPLIST_FILE = UICollectionViewDemo/Info.plist;
				LD_RUNPATH_SEARCH_PATHS = (
					"$(inherited)",
					"@executable_path/Frameworks",
				);
				PRODUCT_BUNDLE_IDENTIFIER = com.justsee.UICollectionViewDemo;
				PRODUCT_NAME = "$(TARGET_NAME)";
				TARGETED_DEVICE_FAMILY = "1,2";
			};
			name = Release;
		};
/* End XCBuildConfiguration section */

/* Begin XCConfigurationList section */
		9CD83A4820EA504F00A5F1AD /* Build configuration list for PBXProject "UICollectionViewDemo" */ = {
			isa = XCConfigurationList;
			buildConfigurations = (
				9CD83A6120EA505100A5F1AD /* Debug */,
				9CD83A6220EA505100A5F1AD /* Release */,
			);
			defaultConfigurationIsVisible = 0;
			defaultConfigurationName = Release;
		};
		9CD83A6320EA505100A5F1AD /* Build configuration list for PBXNativeTarget "UICollectionViewDemo" */ = {
			isa = XCConfigurationList;
			buildConfigurations = (
				9CD83A6420EA505100A5F1AD /* Debug */,
				9CD83A6520EA505100A5F1AD /* Release */,
			);
			defaultConfigurationIsVisible = 0;
			defaultConfigurationName = Release;
		};
/* End XCConfigurationList section */
	};
	rootObject = 9CD83A4520EA504F00A5F1AD /* Project object */;
}
